// !$*UTF8*$!
{
	archiveVersion = 1;
	classes = {
	};
	objectVersion = 46;
	objects = {

/* Begin PBXBuildFile section */
		237D2A7217805E1D004B696F /* Foundation.framework in Frameworks */ = {isa = PBXBuildFile; fileRef = 237D2A7117805E1D004B696F /* Foundation.framework */; };
		237D2A7717805E1D004B696F /* HTProgressHUD.h in CopyFiles */ = {isa = PBXBuildFile; fileRef = 237D2A7617805E1D004B696F /* HTProgressHUD.h */; };
		237D2A7917805E1D004B696F /* HTProgressHUD.m in Sources */ = {isa = PBXBuildFile; fileRef = 237D2A7817805E1D004B696F /* HTProgressHUD.m */; };
/* End PBXBuildFile section */

/* Begin PBXCopyFilesBuildPhase section */
		237D2A6C17805E1D004B696F /* CopyFiles */ = {
			isa = PBXCopyFilesBuildPhase;
			buildActionMask = 2147483647;
			dstPath = "include/${PRODUCT_NAME}";
			dstSubfolderSpec = 16;
			files = (
				237D2A7717805E1D004B696F /* HTProgressHUD.h in CopyFiles */,
			);
			runOnlyForDeploymentPostprocessing = 0;
		};
/* End PBXCopyFilesBuildPhase section */

/* Begin PBXFileReference section */
		237D2A6E17805E1D004B696F /* libHTProgressHUD.a */ = {isa = PBXFileReference; explicitFileType = archive.ar; includeInIndex = 0; path = libHTProgressHUD.a; sourceTree = BUILT_PRODUCTS_DIR; };
		237D2A7117805E1D004B696F /* Foundation.framework */ = {isa = PBXFileReference; lastKnownFileType = wrapper.framework; name = Foundation.framework; path = System/Library/Frameworks/Foundation.framework; sourceTree = SDKROOT; };
		237D2A7517805E1D004B696F /* HTProgressHUD-Prefix.pch */ = {isa = PBXFileReference; lastKnownFileType = sourcecode.c.h; path = "HTProgressHUD-Prefix.pch"; sourceTree = "<group>"; };
		237D2A7617805E1D004B696F /* HTProgressHUD.h */ = {isa = PBXFileReference; lastKnownFileType = sourcecode.c.h; path = HTProgressHUD.h; sourceTree = "<group>"; };
		237D2A7817805E1D004B696F /* HTProgressHUD.m */ = {isa = PBXFileReference; lastKnownFileType = sourcecode.c.objc; path = HTProgressHUD.m; sourceTree = "<group>"; };
/* End PBXFileReference section */

/* Begin PBXFrameworksBuildPhase section */
		237D2A6B17805E1D004B696F /* Frameworks */ = {
			isa = PBXFrameworksBuildPhase;
			buildActionMask = 2147483647;
			files = (
				237D2A7217805E1D004B696F /* Foundation.framework in Frameworks */,
			);
			runOnlyForDeploymentPostprocessing = 0;
		};
/* End PBXFrameworksBuildPhase section */

/* Begin PBXGroup section */
		237D2A6517805E1D004B696F = {
			isa = PBXGroup;
			children = (
				237D2A7317805E1D004B696F /* HTProgressHUD */,
				237D2A7017805E1D004B696F /* Frameworks */,
				237D2A6F17805E1D004B696F /* Products */,
			);
			sourceTree = "<group>";
		};
		237D2A6F17805E1D004B696F /* Products */ = {
			isa = PBXGroup;
			children = (
				237D2A6E17805E1D004B696F /* libHTProgressHUD.a */,
			);
			name = Products;
			sourceTree = "<group>";
		};
		237D2A7017805E1D004B696F /* Frameworks */ = {
			isa = PBXGroup;
			children = (
				237D2A7117805E1D004B696F /* Foundation.framework */,
			);
			name = Frameworks;
			sourceTree = "<group>";
		};
		237D2A7317805E1D004B696F /* HTProgressHUD */ = {
			isa = PBXGroup;
			children = (
				237D2A7617805E1D004B696F /* HTProgressHUD.h */,
				237D2A7817805E1D004B696F /* HTProgressHUD.m */,
				237D2A7417805E1D004B696F /* Supporting Files */,
			);
			path = HTProgressHUD;
			sourceTree = "<group>";
		};
		237D2A7417805E1D004B696F /* Supporting Files */ = {
			isa = PBXGroup;
			children = (
				237D2A7517805E1D004B696F /* HTProgressHUD-Prefix.pch */,
			);
			name = "Supporting Files";
			sourceTree = "<group>";
		};
/* End PBXGroup section */

/* Begin PBXNativeTarget section */
		237D2A6D17805E1D004B696F /* HTProgressHUD */ = {
			isa = PBXNativeTarget;
			buildConfigurationList = 237D2A7C17805E1D004B696F /* Build configuration list for PBXNativeTarget "HTProgressHUD" */;
			buildPhases = (
				237D2A6A17805E1D004B696F /* Sources */,
				237D2A6B17805E1D004B696F /* Frameworks */,
				237D2A6C17805E1D004B696F /* CopyFiles */,
			);
			buildRules = (
			);
			dependencies = (
			);
			name = HTProgressHUD;
			productName = HTProgressHUD;
			productReference = 237D2A6E17805E1D004B696F /* libHTProgressHUD.a */;
			productType = "com.apple.product-type.library.static";
		};
/* End PBXNativeTarget section */

/* Begin PBXProject section */
		237D2A6617805E1D004B696F /* Project object */ = {
			isa = PBXProject;
			attributes = {
				LastUpgradeCheck = 0460;
				ORGANIZATIONNAME = Hardtack;
			};
			buildConfigurationList = 237D2A6917805E1D004B696F /* Build configuration list for PBXProject "HTProgressHUD" */;
			compatibilityVersion = "Xcode 3.2";
			developmentRegion = English;
			hasScannedForEncodings = 0;
			knownRegions = (
				en,
			);
			mainGroup = 237D2A6517805E1D004B696F;
			productRefGroup = 237D2A6F17805E1D004B696F /* Products */;
			projectDirPath = "";
			projectRoot = "";
			targets = (
				237D2A6D17805E1D004B696F /* HTProgressHUD */,
			);
		};
/* End PBXProject section */

/* Begin PBXSourcesBuildPhase section */
		237D2A6A17805E1D004B696F /* Sources */ = {
			isa = PBXSourcesBuildPhase;
			buildActionMask = 2147483647;
			files = (
				237D2A7917805E1D004B696F /* HTProgressHUD.m in Sources */,
			);
			runOnlyForDeploymentPostprocessing = 0;
		};
/* End PBXSourcesBuildPhase section */

/* Begin XCBuildConfiguration section */
		237D2A7A17805E1D004B696F /* Debug */ = {
			isa = XCBuildConfiguration;
			buildSettings = {
				ALWAYS_SEARCH_USER_PATHS = NO;
				CLANG_CXX_LANGUAGE_STANDARD = "gnu++0x";
				CLANG_CXX_LIBRARY = "libc++";
				CLANG_ENABLE_OBJC_ARC = YES;
				CLANG_WARN_CONSTANT_CONVERSION = YES;
				CLANG_WARN_EMPTY_BODY = YES;
				CLANG_WARN_ENUM_CONVERSION = YES;
				CLANG_WARN_INT_CONVERSION = YES;
				CLANG_WARN__DUPLICATE_METHOD_MATCH = YES;
				COPY_PHASE_STRIP = NO;
				GCC_C_LANGUAGE_STANDARD = gnu99;
				GCC_DYNAMIC_NO_PIC = NO;
				GCC_OPTIMIZATION_LEVEL = 0;
				GCC_PREPROCESSOR_DEFINITIONS = (
					"DEBUG=1",
					"$(inherited)",
				);
				GCC_SYMBOLS_PRIVATE_EXTERN = NO;
				GCC_WARN_ABOUT_RETURN_TYPE = YES;
				GCC_WARN_UNINITIALIZED_AUTOS = YES;
				GCC_WARN_UNUSED_VARIABLE = YES;
				IPHONEOS_DEPLOYMENT_TARGET = 6.1;
				ONLY_ACTIVE_ARCH = YES;
				SDKROOT = iphoneos;
			};
			name = Debug;
		};
		237D2A7B17805E1D004B696F /* Release */ = {
			isa = XCBuildConfiguration;
			buildSettings = {
				ALWAYS_SEARCH_USER_PATHS = NO;
				CLANG_CXX_LANGUAGE_STANDARD = "gnu++0x";
				CLANG_CXX_LIBRARY = "libc++";
				CLANG_ENABLE_OBJC_ARC = YES;
				CLANG_WARN_CONSTANT_CONVERSION = YES;
				CLANG_WARN_EMPTY_BODY = YES;
				CLANG_WARN_ENUM_CONVERSION = YES;
				CLANG_WARN_INT_CONVERSION = YES;
				CLANG_WARN__DUPLICATE_METHOD_MATCH = YES;
				COPY_PHASE_STRIP = YES;
				GCC_C_LANGUAGE_STANDARD = gnu99;
				GCC_WARN_ABOUT_RETURN_TYPE = YES;
				GCC_WARN_UNINITIALIZED_AUTOS = YES;
				GCC_WARN_UNUSED_VARIABLE = YES;
				IPHONEOS_DEPLOYMENT_TARGET = 6.1;
				SDKROOT = iphoneos;
				VALIDATE_PRODUCT = YES;
			};
			name = Release;
		};
		237D2A7D17805E1D004B696F /* Debug */ = {
			isa = XCBuildConfiguration;
			buildSettings = {
				DSTROOT = /tmp/HTProgressHUD.dst;
				GCC_PRECOMPILE_PREFIX_HEADER = YES;
				GCC_PREFIX_HEADER = "HTProgressHUD/HTProgressHUD-Prefix.pch";
				OTHER_LDFLAGS = "-ObjC";
				PRODUCT_NAME = "$(TARGET_NAME)";
				SKIP_INSTALL = YES;
			};
			name = Debug;
		};
		237D2A7E17805E1D004B696F /* Release */ = {
			isa = XCBuildConfiguration;
			buildSettings = {
				DSTROOT = /tmp/HTProgressHUD.dst;
				GCC_PRECOMPILE_PREFIX_HEADER = YES;
				GCC_PREFIX_HEADER = "HTProgressHUD/HTProgressHUD-Prefix.pch";
				OTHER_LDFLAGS = "-ObjC";
				PRODUCT_NAME = "$(TARGET_NAME)";
				SKIP_INSTALL = YES;
			};
			name = Release;
		};
/* End XCBuildConfiguration section */

/* Begin XCConfigurationList section */
		237D2A6917805E1D004B696F /* Build configuration list for PBXProject "HTProgressHUD" */ = {
			isa = XCConfigurationList;
			buildConfigurations = (
				237D2A7A17805E1D004B696F /* Debug */,
				237D2A7B17805E1D004B696F /* Release */,
			);
			defaultConfigurationIsVisible = 0;
			defaultConfigurationName = Release;
		};
		237D2A7C17805E1D004B696F /* Build configuration list for PBXNativeTarget "HTProgressHUD" */ = {
			isa = XCConfigurationList;
			buildConfigurations = (
				237D2A7D17805E1D004B696F /* Debug */,
				237D2A7E17805E1D004B696F /* Release */,
			);
			defaultConfigurationIsVisible = 0;
		};
/* End XCConfigurationList section */
	};
	rootObject = 237D2A6617805E1D004B696F /* Project object */;
}
